
Microsoft Visual Studio Solution File, Format Version 12.00
# Visual Studio 15
VisualStudioVersion = 15.0.26730.16
MinimumVisualStudioVersion = 10.0.40219.1
Project("{FAE04EC0-301F-11D3-BF4B-00C04F79EFBC}") = "Miner", "Miner\Miner.csproj", "{9ED81EC9-AE4A-47AB-99D5-15E103A47212}"
EndProject
Project("{FAE04EC0-301F-11D3-BF4B-00C04F79EFBC}") = "MinerTests", "MinerTests\MinerTests.csproj", "{0E834221-BDED-4F1F-96F4-93328172D535}"
EndProject
Project("{FAE04EC0-301F-11D3-BF4B-00C04F79EFBC}") = "MinerUI", "MinerUI\MinerUI.csproj", "{62C72F3E-7C76-4AF0-B1D0-36D5DAB0C04C}"
EndProject
Project("{FAE04EC0-301F-11D3-BF4B-00C04F79EFBC}") = "TestConsole", "TestConsole\TestConsole.csproj", "{3AA03DAA-43B7-4C3E-9B16-580B57EF8B06}"
EndProject
Global
	GlobalSection(SolutionConfigurationPlatforms) = preSolution
		Debug|Any CPU = Debug|Any CPU
		Release|Any CPU = Release|Any CPU
	EndGlobalSection
	GlobalSection(ProjectConfigurationPlatforms) = postSolution
		{9ED81EC9-AE4A-47AB-99D5-15E103A47212}.Debug|Any CPU.ActiveCfg = Debug|Any CPU
		{9ED81EC9-AE4A-47AB-99D5-15E103A47212}.Debug|Any CPU.Build.0 = Debug|Any CPU
		{9ED81EC9-AE4A-47AB-99D5-15E103A47212}.Release|Any CPU.ActiveCfg = Release|Any CPU
		{9ED81EC9-AE4A-47AB-99D5-15E103A47212}.Release|Any CPU.Build.0 = Release|Any CPU
		{0E834221-BDED-4F1F-96F4-93328172D535}.Debug|Any CPU.ActiveCfg = Debug|Any CPU
		{0E834221-BDED-4F1F-96F4-93328172D535}.Debug|Any CPU.Build.0 = Debug|Any CPU
		{0E834221-BDED-4F1F-96F4-93328172D535}.Release|Any CPU.ActiveCfg = Release|Any CPU
		{0E834221-BDED-4F1F-96F4-93328172D535}.Release|Any CPU.Build.0 = Release|Any CPU
		{62C72F3E-7C76-4AF0-B1D0-36D5DAB0C04C}.Debug|Any CPU.ActiveCfg = Debug|Any CPU
		{62C72F3E-7C76-4AF0-B1D0-36D5DAB0C04C}.Debug|Any CPU.Build.0 = Debug|Any CPU
		{62C72F3E-7C76-4AF0-B1D0-36D5DAB0C04C}.Release|Any CPU.ActiveCfg = Release|Any CPU
		{62C72F3E-7C76-4AF0-B1D0-36D5DAB0C04C}.Release|Any CPU.Build.0 = Release|Any CPU
		{3AA03DAA-43B7-4C3E-9B16-580B57EF8B06}.Debug|Any CPU.ActiveCfg = Debug|Any CPU
		{3AA03DAA-43B7-4C3E-9B16-580B57EF8B06}.Debug|Any CPU.Build.0 = Debug|Any CPU
		{3AA03DAA-43B7-4C3E-9B16-580B57EF8B06}.Release|Any CPU.ActiveCfg = Release|Any CPU
		{3AA03DAA-43B7-4C3E-9B16-580B57EF8B06}.Release|Any CPU.Build.0 = Release|Any CPU
	EndGlobalSection
	GlobalSection(SolutionProperties) = preSolution
		HideSolutionNode = FALSE
	EndGlobalSection
	GlobalSection(ExtensibilityGlobals) = postSolution
		SolutionGuid = {CDBB392D-6ED5-43A5-BAFB-385DE0808AA6}
	EndGlobalSection
EndGlobal
