
Microsoft Visual Studio Solution File, Format Version 12.00
# Visual Studio 15
VisualStudioVersion = 15.0.27004.2009
MinimumVisualStudioVersion = 10.0.40219.1
Project("{FAE04EC0-301F-11D3-BF4B-00C04F79EFBC}") = "HardlyCommon", "..\HardlyCommon\HardlyCommon.csproj", "{00174C6B-A135-42A7-AF86-CA81806820A5}"
EndProject
Project("{8BC9CEB8-8B4A-11D0-8D11-00A0C91BC942}") = "xmr-stak-c", "..\xmr-stak-cpu\xmr-stak-c.vcxproj", "{8444F814-7D21-3566-93A4-E99BD47FB212}"
EndProject
Project("{8BC9CEB8-8B4A-11D0-8D11-00A0C91BC942}") = "xmr-stak-cpu", "..\xmr-stak-cpu\xmr-stak-cpu.vcxproj", "{A44351F2-DBAC-3A67-8319-AD25C0BC9C4F}"
EndProject
Project("{FAE04EC0-301F-11D3-BF4B-00C04F79EFBC}") = "HardlyCommonWindows", "..\HardlyCommonWindows\HardlyCommonWindows.csproj", "{AF0B12C0-DF72-4E8B-9841-32173CF7F539}"
EndProject
Project("{FAE04EC0-301F-11D3-BF4B-00C04F79EFBC}") = "AutoUpdater.NET", "..\AutoUpdater.NET\AutoUpdater.NET\AutoUpdater.NET.csproj", "{FB9E7E6B-B19F-4F37-A708-2996190CEF13}"
EndProject
Project("{FAE04EC0-301F-11D3-BF4B-00C04F79EFBC}") = "Miner", "Miner\Miner.csproj", "{62C72F3E-7C76-4AF0-B1D0-36D5DAB0C04C}"
EndProject
Project("{FAE04EC0-301F-11D3-BF4B-00C04F79EFBC}") = "Miner.App", "Miner.App\Miner.App.csproj", "{0276B284-1301-47DC-B429-92F68FFB4E69}"
EndProject
Project("{FAE04EC0-301F-11D3-BF4B-00C04F79EFBC}") = "Miner.App.UI", "Miner.App.UI\Miner.App.UI.csproj", "{AF66D91B-52D9-42AC-A608-509188EF01D7}"
EndProject
Project("{FAE04EC0-301F-11D3-BF4B-00C04F79EFBC}") = "Miner.App.UI.ETO", "Miner.App.UI.ETO\Miner.App.UI.ETO.csproj", "{23F5E817-361F-44D7-A66F-67BF9E753A5C}"
EndProject
Project("{FAE04EC0-301F-11D3-BF4B-00C04F79EFBC}") = "Miner.App.UI.ETO.Linux", "Miner.App.UI.ETO.Linux\Miner.App.UI.ETO.Linux.csproj", "{47BBF79B-BC44-4763-B1C0-BE20FCA6613C}"
EndProject
Project("{FAE04EC0-301F-11D3-BF4B-00C04F79EFBC}") = "Miner.App.UI.ETO.Mac", "Miner.App.UI.ETO.Mac\Miner.App.UI.ETO.Mac.csproj", "{47C19AE3-ECC4-4C47-9E26-2F5E3D3EB6DD}"
EndProject
Project("{FAE04EC0-301F-11D3-BF4B-00C04F79EFBC}") = "Miner.App.UI.ETO.Windows", "Miner.App.UI.ETO.Windows\Miner.App.UI.ETO.Windows.csproj", "{FD6AE94F-1A42-4427-BBF1-6FE83B1E5646}"
EndProject
Project("{FAE04EC0-301F-11D3-BF4B-00C04F79EFBC}") = "Miner.Middleware", "Miner.Middleware\Miner.Middleware.csproj", "{7D27F105-591D-4318-B84B-331BBDC3F61E}"
EndProject
Project("{FAE04EC0-301F-11D3-BF4B-00C04F79EFBC}") = "Miner.Middleware.Xmr-stak-cpu", "Miner.Middleware.Xmr-stak-cpu\Miner.Middleware.Xmr-stak-cpu.csproj", "{510BE424-2E88-4ACA-80B0-B16E0F45655E}"
EndProject
Project("{54435603-DBB4-11D2-8724-00A0C9A8B90C}") = "Miner.Setup.WPF", "Miner.Setup.WPF\Miner.Setup.WPF.vdproj", "{5668AB6C-BE51-435B-A90E-874FBA98EF42}"
EndProject
Project("{54435603-DBB4-11D2-8724-00A0C9A8B90C}") = "Miner.Setup.ETO.Windows", "Miner.Setup.ETO.Windows\Miner.Setup.ETO.Windows.vdproj", "{67750627-FD58-4F3B-BBC5-ABBEF51025C9}"
EndProject
Project("{2150E333-8FDC-42A3-9474-1A3956D46DE8}") = "Shared", "Shared", "{1DB1C4DE-4B0F-4272-B252-91D8A93BC50C}"
EndProject
Project("{2150E333-8FDC-42A3-9474-1A3956D46DE8}") = "Miner", "Miner", "{E052EA08-FA67-4864-ABBA-F9CC983075FA}"
EndProject
Project("{2150E333-8FDC-42A3-9474-1A3956D46DE8}") = "Builds", "Builds", "{F68DF3DD-696D-401B-B804-77D0D2BA39B2}"
EndProject
Project("{FAE04EC0-301F-11D3-BF4B-00C04F79EFBC}") = "Miner.App.UI.WPF", "Miner.App.UI.WPF\Miner.App.UI.WPF.csproj", "{4FEA0A6C-3B9E-423C-B2F7-DB5E3D8F6FF4}"
EndProject
Global
	GlobalSection(SolutionConfigurationPlatforms) = preSolution
		Bot|Any CPU = Bot|Any CPU
		Bot|x64 = Bot|x64
		Debug|Any CPU = Debug|Any CPU
		Debug|x64 = Debug|x64
		MinSizeRel|Any CPU = MinSizeRel|Any CPU
		MinSizeRel|x64 = MinSizeRel|x64
		Release|Any CPU = Release|Any CPU
		Release|x64 = Release|x64
		RelWithDebInfo|Any CPU = RelWithDebInfo|Any CPU
		RelWithDebInfo|x64 = RelWithDebInfo|x64
	EndGlobalSection
	GlobalSection(ProjectConfigurationPlatforms) = postSolution
		{00174C6B-A135-42A7-AF86-CA81806820A5}.Bot|Any CPU.ActiveCfg = Bot|Any CPU
		{00174C6B-A135-42A7-AF86-CA81806820A5}.Bot|Any CPU.Build.0 = Bot|Any CPU
		{00174C6B-A135-42A7-AF86-CA81806820A5}.Bot|x64.ActiveCfg = Bot|Any CPU
		{00174C6B-A135-42A7-AF86-CA81806820A5}.Bot|x64.Build.0 = Bot|Any CPU
		{00174C6B-A135-42A7-AF86-CA81806820A5}.Debug|Any CPU.ActiveCfg = Debug|Any CPU
		{00174C6B-A135-42A7-AF86-CA81806820A5}.Debug|Any CPU.Build.0 = Debug|Any CPU
		{00174C6B-A135-42A7-AF86-CA81806820A5}.Debug|x64.ActiveCfg = Debug|Any CPU
		{00174C6B-A135-42A7-AF86-CA81806820A5}.Debug|x64.Build.0 = Debug|Any CPU
		{00174C6B-A135-42A7-AF86-CA81806820A5}.MinSizeRel|Any CPU.ActiveCfg = Release|Any CPU
		{00174C6B-A135-42A7-AF86-CA81806820A5}.MinSizeRel|Any CPU.Build.0 = Release|Any CPU
		{00174C6B-A135-42A7-AF86-CA81806820A5}.MinSizeRel|x64.ActiveCfg = Release|Any CPU
		{00174C6B-A135-42A7-AF86-CA81806820A5}.MinSizeRel|x64.Build.0 = Release|Any CPU
		{00174C6B-A135-42A7-AF86-CA81806820A5}.Release|Any CPU.ActiveCfg = Release|Any CPU
		{00174C6B-A135-42A7-AF86-CA81806820A5}.Release|Any CPU.Build.0 = Release|Any CPU
		{00174C6B-A135-42A7-AF86-CA81806820A5}.Release|x64.ActiveCfg = Release|Any CPU
		{00174C6B-A135-42A7-AF86-CA81806820A5}.Release|x64.Build.0 = Release|Any CPU
		{00174C6B-A135-42A7-AF86-CA81806820A5}.RelWithDebInfo|Any CPU.ActiveCfg = Release|Any CPU
		{00174C6B-A135-42A7-AF86-CA81806820A5}.RelWithDebInfo|Any CPU.Build.0 = Release|Any CPU
		{00174C6B-A135-42A7-AF86-CA81806820A5}.RelWithDebInfo|x64.ActiveCfg = Release|Any CPU
		{00174C6B-A135-42A7-AF86-CA81806820A5}.RelWithDebInfo|x64.Build.0 = Release|Any CPU
		{8444F814-7D21-3566-93A4-E99BD47FB212}.Bot|Any CPU.ActiveCfg = MinSizeRel|x64
		{8444F814-7D21-3566-93A4-E99BD47FB212}.Bot|Any CPU.Build.0 = MinSizeRel|x64
		{8444F814-7D21-3566-93A4-E99BD47FB212}.Bot|x64.ActiveCfg = MinSizeRel|x64
		{8444F814-7D21-3566-93A4-E99BD47FB212}.Bot|x64.Build.0 = MinSizeRel|x64
		{8444F814-7D21-3566-93A4-E99BD47FB212}.Debug|Any CPU.ActiveCfg = Debug|x64
		{8444F814-7D21-3566-93A4-E99BD47FB212}.Debug|x64.ActiveCfg = Debug|x64
		{8444F814-7D21-3566-93A4-E99BD47FB212}.Debug|x64.Build.0 = Debug|x64
		{8444F814-7D21-3566-93A4-E99BD47FB212}.MinSizeRel|Any CPU.ActiveCfg = MinSizeRel|x64
		{8444F814-7D21-3566-93A4-E99BD47FB212}.MinSizeRel|x64.ActiveCfg = MinSizeRel|x64
		{8444F814-7D21-3566-93A4-E99BD47FB212}.MinSizeRel|x64.Build.0 = MinSizeRel|x64
		{8444F814-7D21-3566-93A4-E99BD47FB212}.Release|Any CPU.ActiveCfg = Release|x64
		{8444F814-7D21-3566-93A4-E99BD47FB212}.Release|x64.ActiveCfg = Release|x64
		{8444F814-7D21-3566-93A4-E99BD47FB212}.Release|x64.Build.0 = Release|x64
		{8444F814-7D21-3566-93A4-E99BD47FB212}.RelWithDebInfo|Any CPU.ActiveCfg = RelWithDebInfo|x64
		{8444F814-7D21-3566-93A4-E99BD47FB212}.RelWithDebInfo|x64.ActiveCfg = RelWithDebInfo|x64
		{8444F814-7D21-3566-93A4-E99BD47FB212}.RelWithDebInfo|x64.Build.0 = RelWithDebInfo|x64
		{A44351F2-DBAC-3A67-8319-AD25C0BC9C4F}.Bot|Any CPU.ActiveCfg = MinSizeRel|x64
		{A44351F2-DBAC-3A67-8319-AD25C0BC9C4F}.Bot|Any CPU.Build.0 = MinSizeRel|x64
		{A44351F2-DBAC-3A67-8319-AD25C0BC9C4F}.Bot|x64.ActiveCfg = MinSizeRel|x64
		{A44351F2-DBAC-3A67-8319-AD25C0BC9C4F}.Bot|x64.Build.0 = MinSizeRel|x64
		{A44351F2-DBAC-3A67-8319-AD25C0BC9C4F}.Debug|Any CPU.ActiveCfg = Debug|x64
		{A44351F2-DBAC-3A67-8319-AD25C0BC9C4F}.Debug|x64.ActiveCfg = Debug|x64
		{A44351F2-DBAC-3A67-8319-AD25C0BC9C4F}.Debug|x64.Build.0 = Debug|x64
		{A44351F2-DBAC-3A67-8319-AD25C0BC9C4F}.MinSizeRel|Any CPU.ActiveCfg = MinSizeRel|x64
		{A44351F2-DBAC-3A67-8319-AD25C0BC9C4F}.MinSizeRel|x64.ActiveCfg = MinSizeRel|x64
		{A44351F2-DBAC-3A67-8319-AD25C0BC9C4F}.MinSizeRel|x64.Build.0 = MinSizeRel|x64
		{A44351F2-DBAC-3A67-8319-AD25C0BC9C4F}.Release|Any CPU.ActiveCfg = Release|x64
		{A44351F2-DBAC-3A67-8319-AD25C0BC9C4F}.Release|x64.ActiveCfg = Release|x64
		{A44351F2-DBAC-3A67-8319-AD25C0BC9C4F}.Release|x64.Build.0 = Release|x64
		{A44351F2-DBAC-3A67-8319-AD25C0BC9C4F}.RelWithDebInfo|Any CPU.ActiveCfg = RelWithDebInfo|x64
		{A44351F2-DBAC-3A67-8319-AD25C0BC9C4F}.RelWithDebInfo|x64.ActiveCfg = RelWithDebInfo|x64
		{A44351F2-DBAC-3A67-8319-AD25C0BC9C4F}.RelWithDebInfo|x64.Build.0 = RelWithDebInfo|x64
		{AF0B12C0-DF72-4E8B-9841-32173CF7F539}.Bot|Any CPU.ActiveCfg = Bot|Any CPU
		{AF0B12C0-DF72-4E8B-9841-32173CF7F539}.Bot|Any CPU.Build.0 = Bot|Any CPU
		{AF0B12C0-DF72-4E8B-9841-32173CF7F539}.Bot|x64.ActiveCfg = Bot|Any CPU
		{AF0B12C0-DF72-4E8B-9841-32173CF7F539}.Bot|x64.Build.0 = Bot|Any CPU
		{AF0B12C0-DF72-4E8B-9841-32173CF7F539}.Debug|Any CPU.ActiveCfg = Debug|Any CPU
		{AF0B12C0-DF72-4E8B-9841-32173CF7F539}.Debug|Any CPU.Build.0 = Debug|Any CPU
		{AF0B12C0-DF72-4E8B-9841-32173CF7F539}.Debug|x64.ActiveCfg = Debug|Any CPU
		{AF0B12C0-DF72-4E8B-9841-32173CF7F539}.Debug|x64.Build.0 = Debug|Any CPU
		{AF0B12C0-DF72-4E8B-9841-32173CF7F539}.MinSizeRel|Any CPU.ActiveCfg = Bot|Any CPU
		{AF0B12C0-DF72-4E8B-9841-32173CF7F539}.MinSizeRel|Any CPU.Build.0 = Bot|Any CPU
		{AF0B12C0-DF72-4E8B-9841-32173CF7F539}.MinSizeRel|x64.ActiveCfg = Bot|Any CPU
		{AF0B12C0-DF72-4E8B-9841-32173CF7F539}.MinSizeRel|x64.Build.0 = Bot|Any CPU
		{AF0B12C0-DF72-4E8B-9841-32173CF7F539}.Release|Any CPU.ActiveCfg = Release|Any CPU
		{AF0B12C0-DF72-4E8B-9841-32173CF7F539}.Release|Any CPU.Build.0 = Release|Any CPU
		{AF0B12C0-DF72-4E8B-9841-32173CF7F539}.Release|x64.ActiveCfg = Release|Any CPU
		{AF0B12C0-DF72-4E8B-9841-32173CF7F539}.Release|x64.Build.0 = Release|Any CPU
		{AF0B12C0-DF72-4E8B-9841-32173CF7F539}.RelWithDebInfo|Any CPU.ActiveCfg = Release|Any CPU
		{AF0B12C0-DF72-4E8B-9841-32173CF7F539}.RelWithDebInfo|Any CPU.Build.0 = Release|Any CPU
		{AF0B12C0-DF72-4E8B-9841-32173CF7F539}.RelWithDebInfo|x64.ActiveCfg = Release|Any CPU
		{AF0B12C0-DF72-4E8B-9841-32173CF7F539}.RelWithDebInfo|x64.Build.0 = Release|Any CPU
		{FB9E7E6B-B19F-4F37-A708-2996190CEF13}.Bot|Any CPU.ActiveCfg = Release|Any CPU
		{FB9E7E6B-B19F-4F37-A708-2996190CEF13}.Bot|Any CPU.Build.0 = Release|Any CPU
		{FB9E7E6B-B19F-4F37-A708-2996190CEF13}.Bot|x64.ActiveCfg = Release|Any CPU
		{FB9E7E6B-B19F-4F37-A708-2996190CEF13}.Bot|x64.Build.0 = Release|Any CPU
		{FB9E7E6B-B19F-4F37-A708-2996190CEF13}.Debug|Any CPU.ActiveCfg = Debug|Any CPU
		{FB9E7E6B-B19F-4F37-A708-2996190CEF13}.Debug|Any CPU.Build.0 = Debug|Any CPU
		{FB9E7E6B-B19F-4F37-A708-2996190CEF13}.Debug|x64.ActiveCfg = Debug|Any CPU
		{FB9E7E6B-B19F-4F37-A708-2996190CEF13}.Debug|x64.Build.0 = Debug|Any CPU
		{FB9E7E6B-B19F-4F37-A708-2996190CEF13}.MinSizeRel|Any CPU.ActiveCfg = Release|Any CPU
		{FB9E7E6B-B19F-4F37-A708-2996190CEF13}.MinSizeRel|Any CPU.Build.0 = Release|Any CPU
		{FB9E7E6B-B19F-4F37-A708-2996190CEF13}.MinSizeRel|x64.ActiveCfg = Release|Any CPU
		{FB9E7E6B-B19F-4F37-A708-2996190CEF13}.MinSizeRel|x64.Build.0 = Release|Any CPU
		{FB9E7E6B-B19F-4F37-A708-2996190CEF13}.Release|Any CPU.ActiveCfg = Release|Any CPU
		{FB9E7E6B-B19F-4F37-A708-2996190CEF13}.Release|Any CPU.Build.0 = Release|Any CPU
		{FB9E7E6B-B19F-4F37-A708-2996190CEF13}.Release|x64.ActiveCfg = Release|Any CPU
		{FB9E7E6B-B19F-4F37-A708-2996190CEF13}.Release|x64.Build.0 = Release|Any CPU
		{FB9E7E6B-B19F-4F37-A708-2996190CEF13}.RelWithDebInfo|Any CPU.ActiveCfg = Release|Any CPU
		{FB9E7E6B-B19F-4F37-A708-2996190CEF13}.RelWithDebInfo|Any CPU.Build.0 = Release|Any CPU
		{FB9E7E6B-B19F-4F37-A708-2996190CEF13}.RelWithDebInfo|x64.ActiveCfg = Release|Any CPU
		{FB9E7E6B-B19F-4F37-A708-2996190CEF13}.RelWithDebInfo|x64.Build.0 = Release|Any CPU
		{62C72F3E-7C76-4AF0-B1D0-36D5DAB0C04C}.Bot|Any CPU.ActiveCfg = Bot|Any CPU
		{62C72F3E-7C76-4AF0-B1D0-36D5DAB0C04C}.Bot|Any CPU.Build.0 = Bot|Any CPU
		{62C72F3E-7C76-4AF0-B1D0-36D5DAB0C04C}.Bot|x64.ActiveCfg = Bot|Any CPU
		{62C72F3E-7C76-4AF0-B1D0-36D5DAB0C04C}.Bot|x64.Build.0 = Bot|Any CPU
		{62C72F3E-7C76-4AF0-B1D0-36D5DAB0C04C}.Debug|Any CPU.ActiveCfg = Debug|Any CPU
		{62C72F3E-7C76-4AF0-B1D0-36D5DAB0C04C}.Debug|Any CPU.Build.0 = Debug|Any CPU
		{62C72F3E-7C76-4AF0-B1D0-36D5DAB0C04C}.Debug|x64.ActiveCfg = Debug|Any CPU
		{62C72F3E-7C76-4AF0-B1D0-36D5DAB0C04C}.Debug|x64.Build.0 = Debug|Any CPU
		{62C72F3E-7C76-4AF0-B1D0-36D5DAB0C04C}.MinSizeRel|Any CPU.ActiveCfg = Bot|Any CPU
		{62C72F3E-7C76-4AF0-B1D0-36D5DAB0C04C}.MinSizeRel|Any CPU.Build.0 = Bot|Any CPU
		{62C72F3E-7C76-4AF0-B1D0-36D5DAB0C04C}.MinSizeRel|x64.ActiveCfg = Bot|Any CPU
		{62C72F3E-7C76-4AF0-B1D0-36D5DAB0C04C}.MinSizeRel|x64.Build.0 = Bot|Any CPU
		{62C72F3E-7C76-4AF0-B1D0-36D5DAB0C04C}.Release|Any CPU.ActiveCfg = Release|Any CPU
		{62C72F3E-7C76-4AF0-B1D0-36D5DAB0C04C}.Release|Any CPU.Build.0 = Release|Any CPU
		{62C72F3E-7C76-4AF0-B1D0-36D5DAB0C04C}.Release|x64.ActiveCfg = Release|Any CPU
		{62C72F3E-7C76-4AF0-B1D0-36D5DAB0C04C}.Release|x64.Build.0 = Release|Any CPU
		{62C72F3E-7C76-4AF0-B1D0-36D5DAB0C04C}.RelWithDebInfo|Any CPU.ActiveCfg = Release|Any CPU
		{62C72F3E-7C76-4AF0-B1D0-36D5DAB0C04C}.RelWithDebInfo|Any CPU.Build.0 = Release|Any CPU
		{62C72F3E-7C76-4AF0-B1D0-36D5DAB0C04C}.RelWithDebInfo|x64.ActiveCfg = Release|Any CPU
		{62C72F3E-7C76-4AF0-B1D0-36D5DAB0C04C}.RelWithDebInfo|x64.Build.0 = Release|Any CPU
		{0276B284-1301-47DC-B429-92F68FFB4E69}.Bot|Any CPU.ActiveCfg = Bot|Any CPU
		{0276B284-1301-47DC-B429-92F68FFB4E69}.Bot|Any CPU.Build.0 = Bot|Any CPU
		{0276B284-1301-47DC-B429-92F68FFB4E69}.Bot|x64.ActiveCfg = Bot|Any CPU
		{0276B284-1301-47DC-B429-92F68FFB4E69}.Bot|x64.Build.0 = Bot|Any CPU
		{0276B284-1301-47DC-B429-92F68FFB4E69}.Debug|Any CPU.ActiveCfg = Debug|Any CPU
		{0276B284-1301-47DC-B429-92F68FFB4E69}.Debug|Any CPU.Build.0 = Debug|Any CPU
		{0276B284-1301-47DC-B429-92F68FFB4E69}.Debug|x64.ActiveCfg = Debug|Any CPU
		{0276B284-1301-47DC-B429-92F68FFB4E69}.Debug|x64.Build.0 = Debug|Any CPU
		{0276B284-1301-47DC-B429-92F68FFB4E69}.MinSizeRel|Any CPU.ActiveCfg = Bot|Any CPU
		{0276B284-1301-47DC-B429-92F68FFB4E69}.MinSizeRel|Any CPU.Build.0 = Bot|Any CPU
		{0276B284-1301-47DC-B429-92F68FFB4E69}.MinSizeRel|x64.ActiveCfg = Bot|Any CPU
		{0276B284-1301-47DC-B429-92F68FFB4E69}.MinSizeRel|x64.Build.0 = Bot|Any CPU
		{0276B284-1301-47DC-B429-92F68FFB4E69}.Release|Any CPU.ActiveCfg = Release|Any CPU
		{0276B284-1301-47DC-B429-92F68FFB4E69}.Release|Any CPU.Build.0 = Release|Any CPU
		{0276B284-1301-47DC-B429-92F68FFB4E69}.Release|x64.ActiveCfg = Release|Any CPU
		{0276B284-1301-47DC-B429-92F68FFB4E69}.Release|x64.Build.0 = Release|Any CPU
		{0276B284-1301-47DC-B429-92F68FFB4E69}.RelWithDebInfo|Any CPU.ActiveCfg = Release|Any CPU
		{0276B284-1301-47DC-B429-92F68FFB4E69}.RelWithDebInfo|Any CPU.Build.0 = Release|Any CPU
		{0276B284-1301-47DC-B429-92F68FFB4E69}.RelWithDebInfo|x64.ActiveCfg = Release|Any CPU
		{0276B284-1301-47DC-B429-92F68FFB4E69}.RelWithDebInfo|x64.Build.0 = Release|Any CPU
		{AF66D91B-52D9-42AC-A608-509188EF01D7}.Bot|Any CPU.ActiveCfg = Release|Any CPU
		{AF66D91B-52D9-42AC-A608-509188EF01D7}.Bot|Any CPU.Build.0 = Release|Any CPU
		{AF66D91B-52D9-42AC-A608-509188EF01D7}.Bot|x64.ActiveCfg = Release|Any CPU
		{AF66D91B-52D9-42AC-A608-509188EF01D7}.Bot|x64.Build.0 = Release|Any CPU
		{AF66D91B-52D9-42AC-A608-509188EF01D7}.Debug|Any CPU.ActiveCfg = Debug|Any CPU
		{AF66D91B-52D9-42AC-A608-509188EF01D7}.Debug|Any CPU.Build.0 = Debug|Any CPU
		{AF66D91B-52D9-42AC-A608-509188EF01D7}.Debug|x64.ActiveCfg = Debug|Any CPU
		{AF66D91B-52D9-42AC-A608-509188EF01D7}.Debug|x64.Build.0 = Debug|Any CPU
		{AF66D91B-52D9-42AC-A608-509188EF01D7}.MinSizeRel|Any CPU.ActiveCfg = Release|Any CPU
		{AF66D91B-52D9-42AC-A608-509188EF01D7}.MinSizeRel|Any CPU.Build.0 = Release|Any CPU
		{AF66D91B-52D9-42AC-A608-509188EF01D7}.MinSizeRel|x64.ActiveCfg = Release|Any CPU
		{AF66D91B-52D9-42AC-A608-509188EF01D7}.MinSizeRel|x64.Build.0 = Release|Any CPU
		{AF66D91B-52D9-42AC-A608-509188EF01D7}.Release|Any CPU.ActiveCfg = Release|Any CPU
		{AF66D91B-52D9-42AC-A608-509188EF01D7}.Release|Any CPU.Build.0 = Release|Any CPU
		{AF66D91B-52D9-42AC-A608-509188EF01D7}.Release|x64.ActiveCfg = Release|Any CPU
		{AF66D91B-52D9-42AC-A608-509188EF01D7}.Release|x64.Build.0 = Release|Any CPU
		{AF66D91B-52D9-42AC-A608-509188EF01D7}.RelWithDebInfo|Any CPU.ActiveCfg = Release|Any CPU
		{AF66D91B-52D9-42AC-A608-509188EF01D7}.RelWithDebInfo|Any CPU.Build.0 = Release|Any CPU
		{AF66D91B-52D9-42AC-A608-509188EF01D7}.RelWithDebInfo|x64.ActiveCfg = Release|Any CPU
		{AF66D91B-52D9-42AC-A608-509188EF01D7}.RelWithDebInfo|x64.Build.0 = Release|Any CPU
		{23F5E817-361F-44D7-A66F-67BF9E753A5C}.Bot|Any CPU.ActiveCfg = Release|Any CPU
		{23F5E817-361F-44D7-A66F-67BF9E753A5C}.Bot|Any CPU.Build.0 = Release|Any CPU
		{23F5E817-361F-44D7-A66F-67BF9E753A5C}.Bot|x64.ActiveCfg = Release|Any CPU
		{23F5E817-361F-44D7-A66F-67BF9E753A5C}.Bot|x64.Build.0 = Release|Any CPU
		{23F5E817-361F-44D7-A66F-67BF9E753A5C}.Debug|Any CPU.ActiveCfg = Debug|Any CPU
		{23F5E817-361F-44D7-A66F-67BF9E753A5C}.Debug|Any CPU.Build.0 = Debug|Any CPU
		{23F5E817-361F-44D7-A66F-67BF9E753A5C}.Debug|x64.ActiveCfg = Debug|Any CPU
		{23F5E817-361F-44D7-A66F-67BF9E753A5C}.Debug|x64.Build.0 = Debug|Any CPU
		{23F5E817-361F-44D7-A66F-67BF9E753A5C}.MinSizeRel|Any CPU.ActiveCfg = Release|Any CPU
		{23F5E817-361F-44D7-A66F-67BF9E753A5C}.MinSizeRel|Any CPU.Build.0 = Release|Any CPU
		{23F5E817-361F-44D7-A66F-67BF9E753A5C}.MinSizeRel|x64.ActiveCfg = Release|Any CPU
		{23F5E817-361F-44D7-A66F-67BF9E753A5C}.MinSizeRel|x64.Build.0 = Release|Any CPU
		{23F5E817-361F-44D7-A66F-67BF9E753A5C}.Release|Any CPU.ActiveCfg = Release|Any CPU
		{23F5E817-361F-44D7-A66F-67BF9E753A5C}.Release|Any CPU.Build.0 = Release|Any CPU
		{23F5E817-361F-44D7-A66F-67BF9E753A5C}.Release|x64.ActiveCfg = Release|Any CPU
		{23F5E817-361F-44D7-A66F-67BF9E753A5C}.Release|x64.Build.0 = Release|Any CPU
		{23F5E817-361F-44D7-A66F-67BF9E753A5C}.RelWithDebInfo|Any CPU.ActiveCfg = Release|Any CPU
		{23F5E817-361F-44D7-A66F-67BF9E753A5C}.RelWithDebInfo|Any CPU.Build.0 = Release|Any CPU
		{23F5E817-361F-44D7-A66F-67BF9E753A5C}.RelWithDebInfo|x64.ActiveCfg = Release|Any CPU
		{23F5E817-361F-44D7-A66F-67BF9E753A5C}.RelWithDebInfo|x64.Build.0 = Release|Any CPU
		{47BBF79B-BC44-4763-B1C0-BE20FCA6613C}.Bot|Any CPU.ActiveCfg = Release|Any CPU
		{47BBF79B-BC44-4763-B1C0-BE20FCA6613C}.Bot|Any CPU.Build.0 = Release|Any CPU
		{47BBF79B-BC44-4763-B1C0-BE20FCA6613C}.Bot|x64.ActiveCfg = Release|Any CPU
		{47BBF79B-BC44-4763-B1C0-BE20FCA6613C}.Bot|x64.Build.0 = Release|Any CPU
		{47BBF79B-BC44-4763-B1C0-BE20FCA6613C}.Debug|Any CPU.ActiveCfg = Debug|Any CPU
		{47BBF79B-BC44-4763-B1C0-BE20FCA6613C}.Debug|Any CPU.Build.0 = Debug|Any CPU
		{47BBF79B-BC44-4763-B1C0-BE20FCA6613C}.Debug|x64.ActiveCfg = Debug|Any CPU
		{47BBF79B-BC44-4763-B1C0-BE20FCA6613C}.Debug|x64.Build.0 = Debug|Any CPU
		{47BBF79B-BC44-4763-B1C0-BE20FCA6613C}.MinSizeRel|Any CPU.ActiveCfg = Release|Any CPU
		{47BBF79B-BC44-4763-B1C0-BE20FCA6613C}.MinSizeRel|Any CPU.Build.0 = Release|Any CPU
		{47BBF79B-BC44-4763-B1C0-BE20FCA6613C}.MinSizeRel|x64.ActiveCfg = Release|Any CPU
		{47BBF79B-BC44-4763-B1C0-BE20FCA6613C}.MinSizeRel|x64.Build.0 = Release|Any CPU
		{47BBF79B-BC44-4763-B1C0-BE20FCA6613C}.Release|Any CPU.ActiveCfg = Release|Any CPU
		{47BBF79B-BC44-4763-B1C0-BE20FCA6613C}.Release|Any CPU.Build.0 = Release|Any CPU
		{47BBF79B-BC44-4763-B1C0-BE20FCA6613C}.Release|x64.ActiveCfg = Release|Any CPU
		{47BBF79B-BC44-4763-B1C0-BE20FCA6613C}.Release|x64.Build.0 = Release|Any CPU
		{47BBF79B-BC44-4763-B1C0-BE20FCA6613C}.RelWithDebInfo|Any CPU.ActiveCfg = Release|Any CPU
		{47BBF79B-BC44-4763-B1C0-BE20FCA6613C}.RelWithDebInfo|Any CPU.Build.0 = Release|Any CPU
		{47BBF79B-BC44-4763-B1C0-BE20FCA6613C}.RelWithDebInfo|x64.ActiveCfg = Release|Any CPU
		{47BBF79B-BC44-4763-B1C0-BE20FCA6613C}.RelWithDebInfo|x64.Build.0 = Release|Any CPU
		{47C19AE3-ECC4-4C47-9E26-2F5E3D3EB6DD}.Bot|Any CPU.ActiveCfg = Release|Any CPU
		{47C19AE3-ECC4-4C47-9E26-2F5E3D3EB6DD}.Bot|Any CPU.Build.0 = Release|Any CPU
		{47C19AE3-ECC4-4C47-9E26-2F5E3D3EB6DD}.Bot|x64.ActiveCfg = Release|Any CPU
		{47C19AE3-ECC4-4C47-9E26-2F5E3D3EB6DD}.Bot|x64.Build.0 = Release|Any CPU
		{47C19AE3-ECC4-4C47-9E26-2F5E3D3EB6DD}.Debug|Any CPU.ActiveCfg = Debug|Any CPU
		{47C19AE3-ECC4-4C47-9E26-2F5E3D3EB6DD}.Debug|Any CPU.Build.0 = Debug|Any CPU
		{47C19AE3-ECC4-4C47-9E26-2F5E3D3EB6DD}.Debug|x64.ActiveCfg = Debug|Any CPU
		{47C19AE3-ECC4-4C47-9E26-2F5E3D3EB6DD}.Debug|x64.Build.0 = Debug|Any CPU
		{47C19AE3-ECC4-4C47-9E26-2F5E3D3EB6DD}.MinSizeRel|Any CPU.ActiveCfg = Release|Any CPU
		{47C19AE3-ECC4-4C47-9E26-2F5E3D3EB6DD}.MinSizeRel|Any CPU.Build.0 = Release|Any CPU
		{47C19AE3-ECC4-4C47-9E26-2F5E3D3EB6DD}.MinSizeRel|x64.ActiveCfg = Release|Any CPU
		{47C19AE3-ECC4-4C47-9E26-2F5E3D3EB6DD}.MinSizeRel|x64.Build.0 = Release|Any CPU
		{47C19AE3-ECC4-4C47-9E26-2F5E3D3EB6DD}.Release|Any CPU.ActiveCfg = Release|Any CPU
		{47C19AE3-ECC4-4C47-9E26-2F5E3D3EB6DD}.Release|Any CPU.Build.0 = Release|Any CPU
		{47C19AE3-ECC4-4C47-9E26-2F5E3D3EB6DD}.Release|x64.ActiveCfg = Release|Any CPU
		{47C19AE3-ECC4-4C47-9E26-2F5E3D3EB6DD}.Release|x64.Build.0 = Release|Any CPU
		{47C19AE3-ECC4-4C47-9E26-2F5E3D3EB6DD}.RelWithDebInfo|Any CPU.ActiveCfg = Release|Any CPU
		{47C19AE3-ECC4-4C47-9E26-2F5E3D3EB6DD}.RelWithDebInfo|Any CPU.Build.0 = Release|Any CPU
		{47C19AE3-ECC4-4C47-9E26-2F5E3D3EB6DD}.RelWithDebInfo|x64.ActiveCfg = Release|Any CPU
		{47C19AE3-ECC4-4C47-9E26-2F5E3D3EB6DD}.RelWithDebInfo|x64.Build.0 = Release|Any CPU
		{FD6AE94F-1A42-4427-BBF1-6FE83B1E5646}.Bot|Any CPU.ActiveCfg = Release|Any CPU
		{FD6AE94F-1A42-4427-BBF1-6FE83B1E5646}.Bot|Any CPU.Build.0 = Release|Any CPU
		{FD6AE94F-1A42-4427-BBF1-6FE83B1E5646}.Bot|x64.ActiveCfg = Release|Any CPU
		{FD6AE94F-1A42-4427-BBF1-6FE83B1E5646}.Bot|x64.Build.0 = Release|Any CPU
		{FD6AE94F-1A42-4427-BBF1-6FE83B1E5646}.Debug|Any CPU.ActiveCfg = Debug|Any CPU
		{FD6AE94F-1A42-4427-BBF1-6FE83B1E5646}.Debug|Any CPU.Build.0 = Debug|Any CPU
		{FD6AE94F-1A42-4427-BBF1-6FE83B1E5646}.Debug|x64.ActiveCfg = Debug|Any CPU
		{FD6AE94F-1A42-4427-BBF1-6FE83B1E5646}.Debug|x64.Build.0 = Debug|Any CPU
		{FD6AE94F-1A42-4427-BBF1-6FE83B1E5646}.MinSizeRel|Any CPU.ActiveCfg = Release|Any CPU
		{FD6AE94F-1A42-4427-BBF1-6FE83B1E5646}.MinSizeRel|Any CPU.Build.0 = Release|Any CPU
		{FD6AE94F-1A42-4427-BBF1-6FE83B1E5646}.MinSizeRel|x64.ActiveCfg = Release|Any CPU
		{FD6AE94F-1A42-4427-BBF1-6FE83B1E5646}.MinSizeRel|x64.Build.0 = Release|Any CPU
		{FD6AE94F-1A42-4427-BBF1-6FE83B1E5646}.Release|Any CPU.ActiveCfg = Release|Any CPU
		{FD6AE94F-1A42-4427-BBF1-6FE83B1E5646}.Release|Any CPU.Build.0 = Release|Any CPU
		{FD6AE94F-1A42-4427-BBF1-6FE83B1E5646}.Release|x64.ActiveCfg = Release|Any CPU
		{FD6AE94F-1A42-4427-BBF1-6FE83B1E5646}.Release|x64.Build.0 = Release|Any CPU
		{FD6AE94F-1A42-4427-BBF1-6FE83B1E5646}.RelWithDebInfo|Any CPU.ActiveCfg = Release|Any CPU
		{FD6AE94F-1A42-4427-BBF1-6FE83B1E5646}.RelWithDebInfo|Any CPU.Build.0 = Release|Any CPU
		{FD6AE94F-1A42-4427-BBF1-6FE83B1E5646}.RelWithDebInfo|x64.ActiveCfg = Release|Any CPU
		{FD6AE94F-1A42-4427-BBF1-6FE83B1E5646}.RelWithDebInfo|x64.Build.0 = Release|Any CPU
		{7D27F105-591D-4318-B84B-331BBDC3F61E}.Bot|Any CPU.ActiveCfg = Bot|Any CPU
		{7D27F105-591D-4318-B84B-331BBDC3F61E}.Bot|Any CPU.Build.0 = Bot|Any CPU
		{7D27F105-591D-4318-B84B-331BBDC3F61E}.Bot|x64.ActiveCfg = Bot|Any CPU
		{7D27F105-591D-4318-B84B-331BBDC3F61E}.Bot|x64.Build.0 = Bot|Any CPU
		{7D27F105-591D-4318-B84B-331BBDC3F61E}.Debug|Any CPU.ActiveCfg = Debug|Any CPU
		{7D27F105-591D-4318-B84B-331BBDC3F61E}.Debug|Any CPU.Build.0 = Debug|Any CPU
		{7D27F105-591D-4318-B84B-331BBDC3F61E}.Debug|x64.ActiveCfg = Debug|Any CPU
		{7D27F105-591D-4318-B84B-331BBDC3F61E}.Debug|x64.Build.0 = Debug|Any CPU
		{7D27F105-591D-4318-B84B-331BBDC3F61E}.MinSizeRel|Any CPU.ActiveCfg = Bot|Any CPU
		{7D27F105-591D-4318-B84B-331BBDC3F61E}.MinSizeRel|Any CPU.Build.0 = Bot|Any CPU
		{7D27F105-591D-4318-B84B-331BBDC3F61E}.MinSizeRel|x64.ActiveCfg = Bot|Any CPU
		{7D27F105-591D-4318-B84B-331BBDC3F61E}.MinSizeRel|x64.Build.0 = Bot|Any CPU
		{7D27F105-591D-4318-B84B-331BBDC3F61E}.Release|Any CPU.ActiveCfg = Release|Any CPU
		{7D27F105-591D-4318-B84B-331BBDC3F61E}.Release|Any CPU.Build.0 = Release|Any CPU
		{7D27F105-591D-4318-B84B-331BBDC3F61E}.Release|x64.ActiveCfg = Release|Any CPU
		{7D27F105-591D-4318-B84B-331BBDC3F61E}.Release|x64.Build.0 = Release|Any CPU
		{7D27F105-591D-4318-B84B-331BBDC3F61E}.RelWithDebInfo|Any CPU.ActiveCfg = Release|Any CPU
		{7D27F105-591D-4318-B84B-331BBDC3F61E}.RelWithDebInfo|Any CPU.Build.0 = Release|Any CPU
		{7D27F105-591D-4318-B84B-331BBDC3F61E}.RelWithDebInfo|x64.ActiveCfg = Release|Any CPU
		{7D27F105-591D-4318-B84B-331BBDC3F61E}.RelWithDebInfo|x64.Build.0 = Release|Any CPU
		{510BE424-2E88-4ACA-80B0-B16E0F45655E}.Bot|Any CPU.ActiveCfg = Bot|Any CPU
		{510BE424-2E88-4ACA-80B0-B16E0F45655E}.Bot|Any CPU.Build.0 = Bot|Any CPU
		{510BE424-2E88-4ACA-80B0-B16E0F45655E}.Bot|x64.ActiveCfg = Bot|Any CPU
		{510BE424-2E88-4ACA-80B0-B16E0F45655E}.Bot|x64.Build.0 = Bot|Any CPU
		{510BE424-2E88-4ACA-80B0-B16E0F45655E}.Debug|Any CPU.ActiveCfg = Debug|Any CPU
		{510BE424-2E88-4ACA-80B0-B16E0F45655E}.Debug|Any CPU.Build.0 = Debug|Any CPU
		{510BE424-2E88-4ACA-80B0-B16E0F45655E}.Debug|x64.ActiveCfg = Debug|Any CPU
		{510BE424-2E88-4ACA-80B0-B16E0F45655E}.Debug|x64.Build.0 = Debug|Any CPU
		{510BE424-2E88-4ACA-80B0-B16E0F45655E}.MinSizeRel|Any CPU.ActiveCfg = Bot|Any CPU
		{510BE424-2E88-4ACA-80B0-B16E0F45655E}.MinSizeRel|Any CPU.Build.0 = Bot|Any CPU
		{510BE424-2E88-4ACA-80B0-B16E0F45655E}.MinSizeRel|x64.ActiveCfg = Bot|Any CPU
		{510BE424-2E88-4ACA-80B0-B16E0F45655E}.MinSizeRel|x64.Build.0 = Bot|Any CPU
		{510BE424-2E88-4ACA-80B0-B16E0F45655E}.Release|Any CPU.ActiveCfg = Release|Any CPU
		{510BE424-2E88-4ACA-80B0-B16E0F45655E}.Release|Any CPU.Build.0 = Release|Any CPU
		{510BE424-2E88-4ACA-80B0-B16E0F45655E}.Release|x64.ActiveCfg = Release|Any CPU
		{510BE424-2E88-4ACA-80B0-B16E0F45655E}.Release|x64.Build.0 = Release|Any CPU
		{510BE424-2E88-4ACA-80B0-B16E0F45655E}.RelWithDebInfo|Any CPU.ActiveCfg = Release|Any CPU
		{510BE424-2E88-4ACA-80B0-B16E0F45655E}.RelWithDebInfo|Any CPU.Build.0 = Release|Any CPU
		{510BE424-2E88-4ACA-80B0-B16E0F45655E}.RelWithDebInfo|x64.ActiveCfg = Release|Any CPU
		{510BE424-2E88-4ACA-80B0-B16E0F45655E}.RelWithDebInfo|x64.Build.0 = Release|Any CPU
		{5668AB6C-BE51-435B-A90E-874FBA98EF42}.Bot|Any CPU.ActiveCfg = Release
		{5668AB6C-BE51-435B-A90E-874FBA98EF42}.Bot|Any CPU.Build.0 = Release
		{5668AB6C-BE51-435B-A90E-874FBA98EF42}.Bot|x64.ActiveCfg = Release
		{5668AB6C-BE51-435B-A90E-874FBA98EF42}.Bot|x64.Build.0 = Release
		{5668AB6C-BE51-435B-A90E-874FBA98EF42}.Debug|Any CPU.ActiveCfg = Debug
		{5668AB6C-BE51-435B-A90E-874FBA98EF42}.Debug|Any CPU.Build.0 = Debug
		{5668AB6C-BE51-435B-A90E-874FBA98EF42}.Debug|x64.ActiveCfg = Debug
		{5668AB6C-BE51-435B-A90E-874FBA98EF42}.Debug|x64.Build.0 = Debug
		{5668AB6C-BE51-435B-A90E-874FBA98EF42}.MinSizeRel|Any CPU.ActiveCfg = Release
		{5668AB6C-BE51-435B-A90E-874FBA98EF42}.MinSizeRel|Any CPU.Build.0 = Release
		{5668AB6C-BE51-435B-A90E-874FBA98EF42}.MinSizeRel|x64.ActiveCfg = Release
		{5668AB6C-BE51-435B-A90E-874FBA98EF42}.MinSizeRel|x64.Build.0 = Release
		{5668AB6C-BE51-435B-A90E-874FBA98EF42}.Release|Any CPU.ActiveCfg = Release
		{5668AB6C-BE51-435B-A90E-874FBA98EF42}.Release|Any CPU.Build.0 = Release
		{5668AB6C-BE51-435B-A90E-874FBA98EF42}.Release|x64.ActiveCfg = Release
		{5668AB6C-BE51-435B-A90E-874FBA98EF42}.Release|x64.Build.0 = Release
		{5668AB6C-BE51-435B-A90E-874FBA98EF42}.RelWithDebInfo|Any CPU.ActiveCfg = Release
		{5668AB6C-BE51-435B-A90E-874FBA98EF42}.RelWithDebInfo|Any CPU.Build.0 = Release
		{5668AB6C-BE51-435B-A90E-874FBA98EF42}.RelWithDebInfo|x64.ActiveCfg = Release
		{5668AB6C-BE51-435B-A90E-874FBA98EF42}.RelWithDebInfo|x64.Build.0 = Release
		{67750627-FD58-4F3B-BBC5-ABBEF51025C9}.Bot|Any CPU.ActiveCfg = Release
		{67750627-FD58-4F3B-BBC5-ABBEF51025C9}.Bot|Any CPU.Build.0 = Release
		{67750627-FD58-4F3B-BBC5-ABBEF51025C9}.Bot|x64.ActiveCfg = Release
		{67750627-FD58-4F3B-BBC5-ABBEF51025C9}.Bot|x64.Build.0 = Release
		{67750627-FD58-4F3B-BBC5-ABBEF51025C9}.Debug|Any CPU.ActiveCfg = Debug
		{67750627-FD58-4F3B-BBC5-ABBEF51025C9}.Debug|Any CPU.Build.0 = Debug
		{67750627-FD58-4F3B-BBC5-ABBEF51025C9}.Debug|x64.ActiveCfg = Debug
		{67750627-FD58-4F3B-BBC5-ABBEF51025C9}.Debug|x64.Build.0 = Debug
		{67750627-FD58-4F3B-BBC5-ABBEF51025C9}.MinSizeRel|Any CPU.ActiveCfg = Release
		{67750627-FD58-4F3B-BBC5-ABBEF51025C9}.MinSizeRel|Any CPU.Build.0 = Release
		{67750627-FD58-4F3B-BBC5-ABBEF51025C9}.MinSizeRel|x64.ActiveCfg = Release
		{67750627-FD58-4F3B-BBC5-ABBEF51025C9}.MinSizeRel|x64.Build.0 = Release
		{67750627-FD58-4F3B-BBC5-ABBEF51025C9}.Release|Any CPU.ActiveCfg = Release
		{67750627-FD58-4F3B-BBC5-ABBEF51025C9}.Release|Any CPU.Build.0 = Release
		{67750627-FD58-4F3B-BBC5-ABBEF51025C9}.Release|x64.ActiveCfg = Release
		{67750627-FD58-4F3B-BBC5-ABBEF51025C9}.Release|x64.Build.0 = Release
		{67750627-FD58-4F3B-BBC5-ABBEF51025C9}.RelWithDebInfo|Any CPU.ActiveCfg = Release
		{67750627-FD58-4F3B-BBC5-ABBEF51025C9}.RelWithDebInfo|Any CPU.Build.0 = Release
		{67750627-FD58-4F3B-BBC5-ABBEF51025C9}.RelWithDebInfo|x64.ActiveCfg = Release
		{67750627-FD58-4F3B-BBC5-ABBEF51025C9}.RelWithDebInfo|x64.Build.0 = Release
		{4FEA0A6C-3B9E-423C-B2F7-DB5E3D8F6FF4}.Bot|Any CPU.ActiveCfg = Release|Any CPU
		{4FEA0A6C-3B9E-423C-B2F7-DB5E3D8F6FF4}.Bot|Any CPU.Build.0 = Release|Any CPU
		{4FEA0A6C-3B9E-423C-B2F7-DB5E3D8F6FF4}.Bot|x64.ActiveCfg = Release|Any CPU
		{4FEA0A6C-3B9E-423C-B2F7-DB5E3D8F6FF4}.Bot|x64.Build.0 = Release|Any CPU
		{4FEA0A6C-3B9E-423C-B2F7-DB5E3D8F6FF4}.Debug|Any CPU.ActiveCfg = Debug|Any CPU
		{4FEA0A6C-3B9E-423C-B2F7-DB5E3D8F6FF4}.Debug|Any CPU.Build.0 = Debug|Any CPU
		{4FEA0A6C-3B9E-423C-B2F7-DB5E3D8F6FF4}.Debug|x64.ActiveCfg = Debug|Any CPU
		{4FEA0A6C-3B9E-423C-B2F7-DB5E3D8F6FF4}.Debug|x64.Build.0 = Debug|Any CPU
		{4FEA0A6C-3B9E-423C-B2F7-DB5E3D8F6FF4}.MinSizeRel|Any CPU.ActiveCfg = Release|Any CPU
		{4FEA0A6C-3B9E-423C-B2F7-DB5E3D8F6FF4}.MinSizeRel|Any CPU.Build.0 = Release|Any CPU
		{4FEA0A6C-3B9E-423C-B2F7-DB5E3D8F6FF4}.MinSizeRel|x64.ActiveCfg = Release|Any CPU
		{4FEA0A6C-3B9E-423C-B2F7-DB5E3D8F6FF4}.MinSizeRel|x64.Build.0 = Release|Any CPU
		{4FEA0A6C-3B9E-423C-B2F7-DB5E3D8F6FF4}.Release|Any CPU.ActiveCfg = Release|Any CPU
		{4FEA0A6C-3B9E-423C-B2F7-DB5E3D8F6FF4}.Release|Any CPU.Build.0 = Release|Any CPU
		{4FEA0A6C-3B9E-423C-B2F7-DB5E3D8F6FF4}.Release|x64.ActiveCfg = Release|Any CPU
		{4FEA0A6C-3B9E-423C-B2F7-DB5E3D8F6FF4}.Release|x64.Build.0 = Release|Any CPU
		{4FEA0A6C-3B9E-423C-B2F7-DB5E3D8F6FF4}.RelWithDebInfo|Any CPU.ActiveCfg = Release|Any CPU
		{4FEA0A6C-3B9E-423C-B2F7-DB5E3D8F6FF4}.RelWithDebInfo|Any CPU.Build.0 = Release|Any CPU
		{4FEA0A6C-3B9E-423C-B2F7-DB5E3D8F6FF4}.RelWithDebInfo|x64.ActiveCfg = Release|Any CPU
		{4FEA0A6C-3B9E-423C-B2F7-DB5E3D8F6FF4}.RelWithDebInfo|x64.Build.0 = Release|Any CPU
	EndGlobalSection
	GlobalSection(SolutionProperties) = preSolution
		HideSolutionNode = FALSE
	EndGlobalSection
	GlobalSection(NestedProjects) = preSolution
		{00174C6B-A135-42A7-AF86-CA81806820A5} = {1DB1C4DE-4B0F-4272-B252-91D8A93BC50C}
		{8444F814-7D21-3566-93A4-E99BD47FB212} = {1DB1C4DE-4B0F-4272-B252-91D8A93BC50C}
		{A44351F2-DBAC-3A67-8319-AD25C0BC9C4F} = {1DB1C4DE-4B0F-4272-B252-91D8A93BC50C}
		{AF0B12C0-DF72-4E8B-9841-32173CF7F539} = {1DB1C4DE-4B0F-4272-B252-91D8A93BC50C}
		{FB9E7E6B-B19F-4F37-A708-2996190CEF13} = {1DB1C4DE-4B0F-4272-B252-91D8A93BC50C}
		{62C72F3E-7C76-4AF0-B1D0-36D5DAB0C04C} = {E052EA08-FA67-4864-ABBA-F9CC983075FA}
		{0276B284-1301-47DC-B429-92F68FFB4E69} = {E052EA08-FA67-4864-ABBA-F9CC983075FA}
		{AF66D91B-52D9-42AC-A608-509188EF01D7} = {E052EA08-FA67-4864-ABBA-F9CC983075FA}
		{23F5E817-361F-44D7-A66F-67BF9E753A5C} = {E052EA08-FA67-4864-ABBA-F9CC983075FA}
		{47BBF79B-BC44-4763-B1C0-BE20FCA6613C} = {F68DF3DD-696D-401B-B804-77D0D2BA39B2}
		{47C19AE3-ECC4-4C47-9E26-2F5E3D3EB6DD} = {F68DF3DD-696D-401B-B804-77D0D2BA39B2}
		{FD6AE94F-1A42-4427-BBF1-6FE83B1E5646} = {F68DF3DD-696D-401B-B804-77D0D2BA39B2}
		{7D27F105-591D-4318-B84B-331BBDC3F61E} = {E052EA08-FA67-4864-ABBA-F9CC983075FA}
		{510BE424-2E88-4ACA-80B0-B16E0F45655E} = {E052EA08-FA67-4864-ABBA-F9CC983075FA}
		{5668AB6C-BE51-435B-A90E-874FBA98EF42} = {F68DF3DD-696D-401B-B804-77D0D2BA39B2}
		{67750627-FD58-4F3B-BBC5-ABBEF51025C9} = {F68DF3DD-696D-401B-B804-77D0D2BA39B2}
		{4FEA0A6C-3B9E-423C-B2F7-DB5E3D8F6FF4} = {E052EA08-FA67-4864-ABBA-F9CC983075FA}
	EndGlobalSection
	GlobalSection(ExtensibilityGlobals) = postSolution
		SolutionGuid = {CDBB392D-6ED5-43A5-BAFB-385DE0808AA6}
	EndGlobalSection
EndGlobal
